Microsoft Visual Studio Solution File, Format Version 12.00
# Visual Studio 2012
Project("{FAE04EC0-301F-11D3-BF4B-00C04F79EFBC}") = "MyProject", "MyProject.csproj", "{8FC2FFF5-C4A5-4CC5-8442-4F5A8B2DF13E}"
EndProject
Global
	GlobalSection(SolutionConfigurationPlatforms) = preSolution
	Debug|Any CPU = Debug|Any CPU
	ExportDebug|Any CPU = ExportDebug|Any CPU
	ExportRelease|Any CPU = ExportRelease|Any CPU
	EndGlobalSection
	GlobalSection(ProjectConfigurationPlatforms) = postSolution
		{8FC2FFF5-C4A5-4CC5-8442-4F5A8B2DF13E}.Debug|Any CPU.ActiveCfg = Debug|Any CPU
		{8FC2FFF5-C4A5-4CC5-8442-4F5A8B2DF13E}.Debug|Any CPU.Build.0 = Debug|Any CPU
		{8FC2FFF5-C4A5-4CC5-8442-4F5A8B2DF13E}.ExportDebug|Any CPU.ActiveCfg = ExportDebug|Any CPU
		{8FC2FFF5-C4A5-4CC5-8442-4F5A8B2DF13E}.ExportDebug|Any CPU.Build.0 = ExportDebug|Any CPU
		{8FC2FFF5-C4A5-4CC5-8442-4F5A8B2DF13E}.ExportRelease|Any CPU.ActiveCfg = ExportRelease|Any CPU
		{8FC2FFF5-C4A5-4CC5-8442-4F5A8B2DF13E}.ExportRelease|Any CPU.Build.0 = ExportRelease|Any CPU
	EndGlobalSection
EndGlobal
